
Microsoft Visual Studio Solution File, Format Version 12.00
# Visual Studio Version 17
VisualStudioVersion = 17.10.34928.147
MinimumVisualStudioVersion = 10.0.40219.1
Project("{FAE04EC0-301F-11D3-BF4B-00C04F79EFBC}") = "btlAspnet", "btlAspnet\btlAspnet.csproj", "{B6A03012-16BF-4F01-9B27-68A6555499B1}"
EndProject
Global
	GlobalSection(SolutionConfigurationPlatforms) = preSolution
		Debug|Any CPU = Debug|Any CPU
		Release|Any CPU = Release|Any CPU
	EndGlobalSection
	GlobalSection(ProjectConfigurationPlatforms) = postSolution
		{B6A03012-16BF-4F01-9B27-68A6555499B1}.Debug|Any CPU.ActiveCfg = Debug|Any CPU
		{B6A03012-16BF-4F01-9B27-68A6555499B1}.Debug|Any CPU.Build.0 = Debug|Any CPU
		{B6A03012-16BF-4F01-9B27-68A6555499B1}.Release|Any CPU.ActiveCfg = Release|Any CPU
		{B6A03012-16BF-4F01-9B27-68A6555499B1}.Release|Any CPU.Build.0 = Release|Any CPU
	EndGlobalSection
	GlobalSection(SolutionProperties) = preSolution
		HideSolutionNode = FALSE
	EndGlobalSection
	GlobalSection(ExtensibilityGlobals) = postSolution
		SolutionGuid = {480AD233-355E-467F-8E02-582490E34167}
	EndGlobalSection
EndGlobal
